
Microsoft Visual Studio Solution File, Format Version 12.00
# Visual Studio Version 17
VisualStudioVersion = 17.4.33205.214
MinimumVisualStudioVersion = 10.0.40219.1
Project("{FAE04EC0-301F-11D3-BF4B-00C04F79EFBC}") = "ProgressBar", "ProgressBar.csproj", "{BB0C2B46-35D1-425B-87D3-DCE5AA553C71}"
EndProject
Global
	GlobalSection(SolutionConfigurationPlatforms) = preSolution
		Debug|Any CPU = Debug|Any CPU
		Release|Any CPU = Release|Any CPU
	EndGlobalSection
	GlobalSection(ProjectConfigurationPlatforms) = postSolution
		{BB0C2B46-35D1-425B-87D3-DCE5AA553C71}.Debug|Any CPU.ActiveCfg = Debug|Any CPU
		{BB0C2B46-35D1-425B-87D3-DCE5AA553C71}.Debug|Any CPU.Build.0 = Debug|Any CPU
		{BB0C2B46-35D1-425B-87D3-DCE5AA553C71}.Release|Any CPU.ActiveCfg = Release|Any CPU
		{BB0C2B46-35D1-425B-87D3-DCE5AA553C71}.Release|Any CPU.Build.0 = Release|Any CPU
	EndGlobalSection
	GlobalSection(SolutionProperties) = preSolution
		HideSolutionNode = FALSE
	EndGlobalSection
	GlobalSection(ExtensibilityGlobals) = postSolution
		SolutionGuid = {5F354075-AB18-410B-91DA-D2DCD95E4ECD}
	EndGlobalSection
EndGlobal
