
Microsoft Visual Studio Solution File, Format Version 12.00
# Visual Studio Version 17
VisualStudioVersion = 17.4.33205.214
MinimumVisualStudioVersion = 10.0.40219.1
Project("{9A19103F-16F7-4668-BE54-9A1E7A4F7556}") = "EFCodeFirstApproach", "EFCodeFirstApproach.csproj", "{B4332283-E24F-4BAF-9F9F-F73AE2BF5C2F}"
EndProject
Global
	GlobalSection(SolutionConfigurationPlatforms) = preSolution
		Debug|Any CPU = Debug|Any CPU
		Release|Any CPU = Release|Any CPU
	EndGlobalSection
	GlobalSection(ProjectConfigurationPlatforms) = postSolution
		{B4332283-E24F-4BAF-9F9F-F73AE2BF5C2F}.Debug|Any CPU.ActiveCfg = Debug|Any CPU
		{B4332283-E24F-4BAF-9F9F-F73AE2BF5C2F}.Debug|Any CPU.Build.0 = Debug|Any CPU
		{B4332283-E24F-4BAF-9F9F-F73AE2BF5C2F}.Release|Any CPU.ActiveCfg = Release|Any CPU
		{B4332283-E24F-4BAF-9F9F-F73AE2BF5C2F}.Release|Any CPU.Build.0 = Release|Any CPU
	EndGlobalSection
	GlobalSection(SolutionProperties) = preSolution
		HideSolutionNode = FALSE
	EndGlobalSection
	GlobalSection(ExtensibilityGlobals) = postSolution
		SolutionGuid = {72F5EBA1-2EEF-4BF0-8C5B-92274157CE3C}
	EndGlobalSection
EndGlobal
