
Microsoft Visual Studio Solution File, Format Version 12.00
# Visual Studio Version 17
VisualStudioVersion = 17.4.33205.214
MinimumVisualStudioVersion = 10.0.40219.1
Project("{FAE04EC0-301F-11D3-BF4B-00C04F79EFBC}") = "Learn_MVC_WebApplication1", "Learn_MVC_WebApplication1.csproj", "{53A20B4E-C19D-430E-98D9-509BDCB93B4B}"
EndProject
Global
	GlobalSection(SolutionConfigurationPlatforms) = preSolution
		Debug|Any CPU = Debug|Any CPU
		Release|Any CPU = Release|Any CPU
	EndGlobalSection
	GlobalSection(ProjectConfigurationPlatforms) = postSolution
		{53A20B4E-C19D-430E-98D9-509BDCB93B4B}.Debug|Any CPU.ActiveCfg = Debug|Any CPU
		{53A20B4E-C19D-430E-98D9-509BDCB93B4B}.Debug|Any CPU.Build.0 = Debug|Any CPU
		{53A20B4E-C19D-430E-98D9-509BDCB93B4B}.Release|Any CPU.ActiveCfg = Release|Any CPU
		{53A20B4E-C19D-430E-98D9-509BDCB93B4B}.Release|Any CPU.Build.0 = Release|Any CPU
	EndGlobalSection
	GlobalSection(SolutionProperties) = preSolution
		HideSolutionNode = FALSE
	EndGlobalSection
	GlobalSection(ExtensibilityGlobals) = postSolution
		SolutionGuid = {3F845F5B-6BCF-47B2-B84B-838D9A7FC484}
	EndGlobalSection
EndGlobal
