
Microsoft Visual Studio Solution File, Format Version 12.00
# Visual Studio Version 17
VisualStudioVersion = 17.4.33205.214
MinimumVisualStudioVersion = 10.0.40219.1
Project("{FAE04EC0-301F-11D3-BF4B-00C04F79EFBC}") = "PubSub Pattern", "PubSub Pattern.csproj", "{84A065A1-DD86-439F-AE68-7273CDE8B479}"
EndProject
Global
	GlobalSection(SolutionConfigurationPlatforms) = preSolution
		Debug|Any CPU = Debug|Any CPU
		Release|Any CPU = Release|Any CPU
	EndGlobalSection
	GlobalSection(ProjectConfigurationPlatforms) = postSolution
		{84A065A1-DD86-439F-AE68-7273CDE8B479}.Debug|Any CPU.ActiveCfg = Debug|Any CPU
		{84A065A1-DD86-439F-AE68-7273CDE8B479}.Debug|Any CPU.Build.0 = Debug|Any CPU
		{84A065A1-DD86-439F-AE68-7273CDE8B479}.Release|Any CPU.ActiveCfg = Release|Any CPU
		{84A065A1-DD86-439F-AE68-7273CDE8B479}.Release|Any CPU.Build.0 = Release|Any CPU
	EndGlobalSection
	GlobalSection(SolutionProperties) = preSolution
		HideSolutionNode = FALSE
	EndGlobalSection
	GlobalSection(ExtensibilityGlobals) = postSolution
		SolutionGuid = {3621FFB8-D2A4-4635-8C8C-8FB5F6A08873}
	EndGlobalSection
EndGlobal
